// !$*UTF8*$!
{
	archiveVersion = 1;
	classes = {
	};
	objectVersion = 56;
	objects = {

/* Begin PBXBuildFile section */
		4F37962D298D24B100F60836 /* AppDelegate.swift in Sources */ = {isa = PBXBuildFile; fileRef = 4F37962C298D24B100F60836 /* AppDelegate.swift */; };
		4F37962F298D24B100F60836 /* SceneDelegate.swift in Sources */ = {isa = PBXBuildFile; fileRef = 4F37962E298D24B100F60836 /* SceneDelegate.swift */; };
		4F379631298D24B100F60836 /* HomeViewController.swift in Sources */ = {isa = PBXBuildFile; fileRef = 4F379630298D24B100F60836 /* HomeViewController.swift */; };
		4F379636298D24B200F60836 /* Assets.xcassets in Resources */ = {isa = PBXBuildFile; fileRef = 4F379635298D24B200F60836 /* Assets.xcassets */; };
		4F379639298D24B200F60836 /* LaunchScreen.storyboard in Resources */ = {isa = PBXBuildFile; fileRef = 4F379637298D24B200F60836 /* LaunchScreen.storyboard */; };
		4F379645298D27DB00F60836 /* home-background.png in Resources */ = {isa = PBXBuildFile; fileRef = 4F379644298D27DB00F60836 /* home-background.png */; };
		4F379648298D280C00F60836 /* SF-Pro-Display.ttf in Resources */ = {isa = PBXBuildFile; fileRef = 4F379647298D280C00F60836 /* SF-Pro-Display.ttf */; };
		4FD979E32991153A001AEC13 /* Constraints.swift in Sources */ = {isa = PBXBuildFile; fileRef = 4FD979E22991153A001AEC13 /* Constraints.swift */; };
		4FD979E52991156C001AEC13 /* Fonts.swift in Sources */ = {isa = PBXBuildFile; fileRef = 4FD979E42991156C001AEC13 /* Fonts.swift */; };
		4FD979E729911D42001AEC13 /* ScrollViewSetup.swift in Sources */ = {isa = PBXBuildFile; fileRef = 4FD979E629911D42001AEC13 /* ScrollViewSetup.swift */; };
		4FD979E929912CF0001AEC13 /* AddCityViewController.swift in Sources */ = {isa = PBXBuildFile; fileRef = 4FD979E829912CF0001AEC13 /* AddCityViewController.swift */; };
		4FD979EC2991353B001AEC13 /* WeatherTableViewCell.swift in Sources */ = {isa = PBXBuildFile; fileRef = 4FD979EB2991353B001AEC13 /* WeatherTableViewCell.swift */; };
/* End PBXBuildFile section */

/* Begin PBXFileReference section */
		4F379629298D24B100F60836 /* WeatherApp.app */ = {isa = PBXFileReference; explicitFileType = wrapper.application; includeInIndex = 0; path = WeatherApp.app; sourceTree = BUILT_PRODUCTS_DIR; };
		4F37962C298D24B100F60836 /* AppDelegate.swift */ = {isa = PBXFileReference; lastKnownFileType = sourcecode.swift; path = AppDelegate.swift; sourceTree = "<group>"; };
		4F37962E298D24B100F60836 /* SceneDelegate.swift */ = {isa = PBXFileReference; lastKnownFileType = sourcecode.swift; path = SceneDelegate.swift; sourceTree = "<group>"; };
		4F379630298D24B100F60836 /* HomeViewController.swift */ = {isa = PBXFileReference; lastKnownFileType = sourcecode.swift; path = HomeViewController.swift; sourceTree = "<group>"; };
		4F379635298D24B200F60836 /* Assets.xcassets */ = {isa = PBXFileReference; lastKnownFileType = folder.assetcatalog; path = Assets.xcassets; sourceTree = "<group>"; };
		4F379638298D24B200F60836 /* Base */ = {isa = PBXFileReference; lastKnownFileType = file.storyboard; name = Base; path = Base.lproj/LaunchScreen.storyboard; sourceTree = "<group>"; };
		4F37963A298D24B200F60836 /* Info.plist */ = {isa = PBXFileReference; lastKnownFileType = text.plist.xml; path = Info.plist; sourceTree = "<group>"; };
		4F379644298D27DB00F60836 /* home-background.png */ = {isa = PBXFileReference; lastKnownFileType = image.png; path = "home-background.png"; sourceTree = "<group>"; };
		4F379647298D280C00F60836 /* SF-Pro-Display.ttf */ = {isa = PBXFileReference; lastKnownFileType = file; path = "SF-Pro-Display.ttf"; sourceTree = "<group>"; };
		4FD979E22991153A001AEC13 /* Constraints.swift */ = {isa = PBXFileReference; lastKnownFileType = sourcecode.swift; path = Constraints.swift; sourceTree = "<group>"; };
		4FD979E42991156C001AEC13 /* Fonts.swift */ = {isa = PBXFileReference; lastKnownFileType = sourcecode.swift; path = Fonts.swift; sourceTree = "<group>"; };
		4FD979E629911D42001AEC13 /* ScrollViewSetup.swift */ = {isa = PBXFileReference; lastKnownFileType = sourcecode.swift; path = ScrollViewSetup.swift; sourceTree = "<group>"; };
		4FD979E829912CF0001AEC13 /* AddCityViewController.swift */ = {isa = PBXFileReference; lastKnownFileType = sourcecode.swift; path = AddCityViewController.swift; sourceTree = "<group>"; };
		4FD979EB2991353B001AEC13 /* WeatherTableViewCell.swift */ = {isa = PBXFileReference; lastKnownFileType = sourcecode.swift; path = WeatherTableViewCell.swift; sourceTree = "<group>"; };
/* End PBXFileReference section */

/* Begin PBXFrameworksBuildPhase section */
		4F379626298D24B100F60836 /* Frameworks */ = {
			isa = PBXFrameworksBuildPhase;
			buildActionMask = 2147483647;
			files = (
			);
			runOnlyForDeploymentPostprocessing = 0;
		};
/* End PBXFrameworksBuildPhase section */

/* Begin PBXGroup section */
		4F379620298D24B100F60836 = {
			isa = PBXGroup;
			children = (
				4F37962B298D24B100F60836 /* WeatherApp */,
				4F37962A298D24B100F60836 /* Products */,
			);
			sourceTree = "<group>";
		};
		4F37962A298D24B100F60836 /* Products */ = {
			isa = PBXGroup;
			children = (
				4F379629298D24B100F60836 /* WeatherApp.app */,
			);
			name = Products;
			sourceTree = "<group>";
		};
		4F37962B298D24B100F60836 /* WeatherApp */ = {
			isa = PBXGroup;
			children = (
				4FD979E129911515001AEC13 /* Utilities */,
				4F379649298D38A900F60836 /* View */,
				4F379642298D27DB00F60836 /* assets */,
				4F37962C298D24B100F60836 /* AppDelegate.swift */,
				4F37962E298D24B100F60836 /* SceneDelegate.swift */,
				4F379635298D24B200F60836 /* Assets.xcassets */,
				4F379637298D24B200F60836 /* LaunchScreen.storyboard */,
				4F37963A298D24B200F60836 /* Info.plist */,
			);
			path = WeatherApp;
			sourceTree = "<group>";
		};
		4F379642298D27DB00F60836 /* assets */ = {
			isa = PBXGroup;
			children = (
				4F379646298D27EC00F60836 /* fonts */,
				4F379643298D27DB00F60836 /* image */,
			);
			path = assets;
			sourceTree = "<group>";
		};
		4F379643298D27DB00F60836 /* image */ = {
			isa = PBXGroup;
			children = (
				4F379644298D27DB00F60836 /* home-background.png */,
			);
			path = image;
			sourceTree = "<group>";
		};
		4F379646298D27EC00F60836 /* fonts */ = {
			isa = PBXGroup;
			children = (
				4F379647298D280C00F60836 /* SF-Pro-Display.ttf */,
			);
			path = fonts;
			sourceTree = "<group>";
		};
		4F379649298D38A900F60836 /* View */ = {
			isa = PBXGroup;
			children = (
				4FD979EA29913503001AEC13 /* TableViewCell */,
				4F379630298D24B100F60836 /* HomeViewController.swift */,
				4FD979E629911D42001AEC13 /* ScrollViewSetup.swift */,
				4FD979E829912CF0001AEC13 /* AddCityViewController.swift */,
			);
			path = View;
			sourceTree = "<group>";
		};
		4FD979E129911515001AEC13 /* Utilities */ = {
			isa = PBXGroup;
			children = (
				4FD979E22991153A001AEC13 /* Constraints.swift */,
				4FD979E42991156C001AEC13 /* Fonts.swift */,
			);
			path = Utilities;
			sourceTree = "<group>";
		};
		4FD979EA29913503001AEC13 /* TableViewCell */ = {
			isa = PBXGroup;
			children = (
				4FD979EB2991353B001AEC13 /* WeatherTableViewCell.swift */,
			);
			path = TableViewCell;
			sourceTree = "<group>";
		};
/* End PBXGroup section */

/* Begin PBXNativeTarget section */
		4F379628298D24B100F60836 /* WeatherApp */ = {
			isa = PBXNativeTarget;
			buildConfigurationList = 4F37963D298D24B200F60836 /* Build configuration list for PBXNativeTarget "WeatherApp" */;
			buildPhases = (
				4F379625298D24B100F60836 /* Sources */,
				4F379626298D24B100F60836 /* Frameworks */,
				4F379627298D24B100F60836 /* Resources */,
			);
			buildRules = (
			);
			dependencies = (
			);
			name = WeatherApp;
			productName = WeatherApp;
			productReference = 4F379629298D24B100F60836 /* WeatherApp.app */;
			productType = "com.apple.product-type.application";
		};
/* End PBXNativeTarget section */

/* Begin PBXProject section */
		4F379621298D24B100F60836 /* Project object */ = {
			isa = PBXProject;
			attributes = {
				BuildIndependentTargetsInParallel = 1;
				LastSwiftUpdateCheck = 1410;
				LastUpgradeCheck = 1410;
				TargetAttributes = {
					4F379628298D24B100F60836 = {
						CreatedOnToolsVersion = 14.1;
					};
				};
			};
			buildConfigurationList = 4F379624298D24B100F60836 /* Build configuration list for PBXProject "WeatherApp" */;
			compatibilityVersion = "Xcode 14.0";
			developmentRegion = en;
			hasScannedForEncodings = 0;
			knownRegions = (
				en,
				Base,
			);
			mainGroup = 4F379620298D24B100F60836;
			productRefGroup = 4F37962A298D24B100F60836 /* Products */;
			projectDirPath = "";
			projectRoot = "";
			targets = (
				4F379628298D24B100F60836 /* WeatherApp */,
			);
		};
/* End PBXProject section */

/* Begin PBXResourcesBuildPhase section */
		4F379627298D24B100F60836 /* Resources */ = {
			isa = PBXResourcesBuildPhase;
			buildActionMask = 2147483647;
			files = (
				4F379648298D280C00F60836 /* SF-Pro-Display.ttf in Resources */,
				4F379639298D24B200F60836 /* LaunchScreen.storyboard in Resources */,
				4F379645298D27DB00F60836 /* home-background.png in Resources */,
				4F379636298D24B200F60836 /* Assets.xcassets in Resources */,
			);
			runOnlyForDeploymentPostprocessing = 0;
		};
/* End PBXResourcesBuildPhase section */

/* Begin PBXSourcesBuildPhase section */
		4F379625298D24B100F60836 /* Sources */ = {
			isa = PBXSourcesBuildPhase;
			buildActionMask = 2147483647;
			files = (
				4FD979EC2991353B001AEC13 /* WeatherTableViewCell.swift in Sources */,
				4FD979E32991153A001AEC13 /* Constraints.swift in Sources */,
				4FD979E929912CF0001AEC13 /* AddCityViewController.swift in Sources */,
				4FD979E729911D42001AEC13 /* ScrollViewSetup.swift in Sources */,
				4FD979E52991156C001AEC13 /* Fonts.swift in Sources */,
				4F379631298D24B100F60836 /* HomeViewController.swift in Sources */,
				4F37962D298D24B100F60836 /* AppDelegate.swift in Sources */,
				4F37962F298D24B100F60836 /* SceneDelegate.swift in Sources */,
			);
			runOnlyForDeploymentPostprocessing = 0;
		};
/* End PBXSourcesBuildPhase section */

/* Begin PBXVariantGroup section */
		4F379637298D24B200F60836 /* LaunchScreen.storyboard */ = {
			isa = PBXVariantGroup;
			children = (
				4F379638298D24B200F60836 /* Base */,
			);
			name = LaunchScreen.storyboard;
			sourceTree = "<group>";
		};
/* End PBXVariantGroup section */

/* Begin XCBuildConfiguration section */
		4F37963B298D24B200F60836 /* Debug */ = {
			isa = XCBuildConfiguration;
			buildSettings = {
				ALWAYS_SEARCH_USER_PATHS = NO;
				CLANG_ANALYZER_NONNULL = YES;
				CLANG_ANALYZER_NUMBER_OBJECT_CONVERSION = YES_AGGRESSIVE;
				CLANG_CXX_LANGUAGE_STANDARD = "gnu++20";
				CLANG_ENABLE_MODULES = YES;
				CLANG_ENABLE_OBJC_ARC = YES;
				CLANG_ENABLE_OBJC_WEAK = YES;
				CLANG_WARN_BLOCK_CAPTURE_AUTORELEASING = YES;
				CLANG_WARN_BOOL_CONVERSION = YES;
				CLANG_WARN_COMMA = YES;
				CLANG_WARN_CONSTANT_CONVERSION = YES;
				CLANG_WARN_DEPRECATED_OBJC_IMPLEMENTATIONS = YES;
				CLANG_WARN_DIRECT_OBJC_ISA_USAGE = YES_ERROR;
				CLANG_WARN_DOCUMENTATION_COMMENTS = YES;
				CLANG_WARN_EMPTY_BODY = YES;
				CLANG_WARN_ENUM_CONVERSION = YES;
				CLANG_WARN_INFINITE_RECURSION = YES;
				CLANG_WARN_INT_CONVERSION = YES;
				CLANG_WARN_NON_LITERAL_NULL_CONVERSION = YES;
				CLANG_WARN_OBJC_IMPLICIT_RETAIN_SELF = YES;
				CLANG_WARN_OBJC_LITERAL_CONVERSION = YES;
				CLANG_WARN_OBJC_ROOT_CLASS = YES_ERROR;
				CLANG_WARN_QUOTED_INCLUDE_IN_FRAMEWORK_HEADER = YES;
				CLANG_WARN_RANGE_LOOP_ANALYSIS = YES;
				CLANG_WARN_STRICT_PROTOTYPES = YES;
				CLANG_WARN_SUSPICIOUS_MOVE = YES;
				CLANG_WARN_UNGUARDED_AVAILABILITY = YES_AGGRESSIVE;
				CLANG_WARN_UNREACHABLE_CODE = YES;
				CLANG_WARN__DUPLICATE_METHOD_MATCH = YES;
				COPY_PHASE_STRIP = NO;
				DEBUG_INFORMATION_FORMAT = dwarf;
				ENABLE_STRICT_OBJC_MSGSEND = YES;
				ENABLE_TESTABILITY = YES;
				GCC_C_LANGUAGE_STANDARD = gnu11;
				GCC_DYNAMIC_NO_PIC = NO;
				GCC_NO_COMMON_BLOCKS = YES;
				GCC_OPTIMIZATION_LEVEL = 0;
				GCC_PREPROCESSOR_DEFINITIONS = (
					"DEBUG=1",
					"$(inherited)",
				);
				GCC_WARN_64_TO_32_BIT_CONVERSION = YES;
				GCC_WARN_ABOUT_RETURN_TYPE = YES_ERROR;
				GCC_WARN_UNDECLARED_SELECTOR = YES;
				GCC_WARN_UNINITIALIZED_AUTOS = YES_AGGRESSIVE;
				GCC_WARN_UNUSED_FUNCTION = YES;
				GCC_WARN_UNUSED_VARIABLE = YES;
				IPHONEOS_DEPLOYMENT_TARGET = 16.1;
				MTL_ENABLE_DEBUG_INFO = INCLUDE_SOURCE;
				MTL_FAST_MATH = YES;
				ONLY_ACTIVE_ARCH = YES;
				SDKROOT = iphoneos;
				SWIFT_ACTIVE_COMPILATION_CONDITIONS = DEBUG;
				SWIFT_OPTIMIZATION_LEVEL = "-Onone";
			};
			name = Debug;
		};
		4F37963C298D24B200F60836 /* Release */ = {
			isa = XCBuildConfiguration;
			buildSettings = {
				ALWAYS_SEARCH_USER_PATHS = NO;
				CLANG_ANALYZER_NONNULL = YES;
				CLANG_ANALYZER_NUMBER_OBJECT_CONVERSION = YES_AGGRESSIVE;
				CLANG_CXX_LANGUAGE_STANDARD = "gnu++20";
				CLANG_ENABLE_MODULES = YES;
				CLANG_ENABLE_OBJC_ARC = YES;
				CLANG_ENABLE_OBJC_WEAK = YES;
				CLANG_WARN_BLOCK_CAPTURE_AUTORELEASING = YES;
				CLANG_WARN_BOOL_CONVERSION = YES;
				CLANG_WARN_COMMA = YES;
				CLANG_WARN_CONSTANT_CONVERSION = YES;
				CLANG_WARN_DEPRECATED_OBJC_IMPLEMENTATIONS = YES;
				CLANG_WARN_DIRECT_OBJC_ISA_USAGE = YES_ERROR;
				CLANG_WARN_DOCUMENTATION_COMMENTS = YES;
				CLANG_WARN_EMPTY_BODY = YES;
				CLANG_WARN_ENUM_CONVERSION = YES;
				CLANG_WARN_INFINITE_RECURSION = YES;
				CLANG_WARN_INT_CONVERSION = YES;
				CLANG_WARN_NON_LITERAL_NULL_CONVERSION = YES;
				CLANG_WARN_OBJC_IMPLICIT_RETAIN_SELF = YES;
				CLANG_WARN_OBJC_LITERAL_CONVERSION = YES;
				CLANG_WARN_OBJC_ROOT_CLASS = YES_ERROR;
				CLANG_WARN_QUOTED_INCLUDE_IN_FRAMEWORK_HEADER = YES;
				CLANG_WARN_RANGE_LOOP_ANALYSIS = YES;
				CLANG_WARN_STRICT_PROTOTYPES = YES;
				CLANG_WARN_SUSPICIOUS_MOVE = YES;
				CLANG_WARN_UNGUARDED_AVAILABILITY = YES_AGGRESSIVE;
				CLANG_WARN_UNREACHABLE_CODE = YES;
				CLANG_WARN__DUPLICATE_METHOD_MATCH = YES;
				COPY_PHASE_STRIP = NO;
				DEBUG_INFORMATION_FORMAT = "dwarf-with-dsym";
				ENABLE_NS_ASSERTIONS = NO;
				ENABLE_STRICT_OBJC_MSGSEND = YES;
				GCC_C_LANGUAGE_STANDARD = gnu11;
				GCC_NO_COMMON_BLOCKS = YES;
				GCC_WARN_64_TO_32_BIT_CONVERSION = YES;
				GCC_WARN_ABOUT_RETURN_TYPE = YES_ERROR;
				GCC_WARN_UNDECLARED_SELECTOR = YES;
				GCC_WARN_UNINITIALIZED_AUTOS = YES_AGGRESSIVE;
				GCC_WARN_UNUSED_FUNCTION = YES;
				GCC_WARN_UNUSED_VARIABLE = YES;
				IPHONEOS_DEPLOYMENT_TARGET = 16.1;
				MTL_ENABLE_DEBUG_INFO = NO;
				MTL_FAST_MATH = YES;
				SDKROOT = iphoneos;
				SWIFT_COMPILATION_MODE = wholemodule;
				SWIFT_OPTIMIZATION_LEVEL = "-O";
				VALIDATE_PRODUCT = YES;
			};
			name = Release;
		};
		4F37963E298D24B200F60836 /* Debug */ = {
			isa = XCBuildConfiguration;
			buildSettings = {
				ASSETCATALOG_COMPILER_APPICON_NAME = AppIcon;
				ASSETCATALOG_COMPILER_GLOBAL_ACCENT_COLOR_NAME = AccentColor;
				CODE_SIGN_STYLE = Automatic;
				CURRENT_PROJECT_VERSION = 1;
				DEVELOPMENT_TEAM = USB677SYCW;
				GENERATE_INFOPLIST_FILE = YES;
				INFOPLIST_FILE = WeatherApp/Info.plist;
				INFOPLIST_KEY_UIApplicationSupportsIndirectInputEvents = YES;
				INFOPLIST_KEY_UILaunchStoryboardName = LaunchScreen;
				INFOPLIST_KEY_UISupportedInterfaceOrientations = UIInterfaceOrientationPortrait;
				INFOPLIST_KEY_UISupportedInterfaceOrientations_iPad = "UIInterfaceOrientationLandscapeLeft UIInterfaceOrientationLandscapeRight UIInterfaceOrientationPortrait UIInterfaceOrientationPortraitUpsideDown";
				IPHONEOS_DEPLOYMENT_TARGET = 13.0;
				LD_RUNPATH_SEARCH_PATHS = (
					"$(inherited)",
					"@executable_path/Frameworks",
				);
				MARKETING_VERSION = 1.0;
				PRODUCT_BUNDLE_IDENTIFIER = com.harundemirkaya.WeatherApp;
				PRODUCT_NAME = "$(TARGET_NAME)";
				SUPPORTED_PLATFORMS = "iphoneos iphonesimulator";
				SUPPORTS_MACCATALYST = NO;
				SUPPORTS_MAC_DESIGNED_FOR_IPHONE_IPAD = NO;
				SWIFT_EMIT_LOC_STRINGS = YES;
				SWIFT_VERSION = 5.0;
				TARGETED_DEVICE_FAMILY = 1;
			};
			name = Debug;
		};
		4F37963F298D24B200F60836 /* Release */ = {
			isa = XCBuildConfiguration;
			buildSettings = {
				ASSETCATALOG_COMPILER_APPICON_NAME = AppIcon;
				ASSETCATALOG_COMPILER_GLOBAL_ACCENT_COLOR_NAME = AccentColor;
				CODE_SIGN_STYLE = Automatic;
				CURRENT_PROJECT_VERSION = 1;
				DEVELOPMENT_TEAM = USB677SYCW;
				GENERATE_INFOPLIST_FILE = YES;
				INFOPLIST_FILE = WeatherApp/Info.plist;
				INFOPLIST_KEY_UIApplicationSupportsIndirectInputEvents = YES;
				INFOPLIST_KEY_UILaunchStoryboardName = LaunchScreen;
				INFOPLIST_KEY_UISupportedInterfaceOrientations = UIInterfaceOrientationPortrait;
				INFOPLIST_KEY_UISupportedInterfaceOrientations_iPad = "UIInterfaceOrientationLandscapeLeft UIInterfaceOrientationLandscapeRight UIInterfaceOrientationPortrait UIInterfaceOrientationPortraitUpsideDown";
				IPHONEOS_DEPLOYMENT_TARGET = 13.0;
				LD_RUNPATH_SEARCH_PATHS = (
					"$(inherited)",
					"@executable_path/Frameworks",
				);
				MARKETING_VERSION = 1.0;
				PRODUCT_BUNDLE_IDENTIFIER = com.harundemirkaya.WeatherApp;
				PRODUCT_NAME = "$(TARGET_NAME)";
				SUPPORTED_PLATFORMS = "iphoneos iphonesimulator";
				SUPPORTS_MACCATALYST = NO;
				SUPPORTS_MAC_DESIGNED_FOR_IPHONE_IPAD = NO;
				SWIFT_EMIT_LOC_STRINGS = YES;
				SWIFT_VERSION = 5.0;
				TARGETED_DEVICE_FAMILY = 1;
			};
			name = Release;
		};
/* End XCBuildConfiguration section */

/* Begin XCConfigurationList section */
		4F379624298D24B100F60836 /* Build configuration list for PBXProject "WeatherApp" */ = {
			isa = XCConfigurationList;
			buildConfigurations = (
				4F37963B298D24B200F60836 /* Debug */,
				4F37963C298D24B200F60836 /* Release */,
			);
			defaultConfigurationIsVisible = 0;
			defaultConfigurationName = Release;
		};
		4F37963D298D24B200F60836 /* Build configuration list for PBXNativeTarget "WeatherApp" */ = {
			isa = XCConfigurationList;
			buildConfigurations = (
				4F37963E298D24B200F60836 /* Debug */,
				4F37963F298D24B200F60836 /* Release */,
			);
			defaultConfigurationIsVisible = 0;
			defaultConfigurationName = Release;
		};
/* End XCConfigurationList section */
	};
	rootObject = 4F379621298D24B100F60836 /* Project object */;
}
